// !$*UTF8*$!
{
	archiveVersion = 1;
	classes = {
	};
	objectVersion = 46;
	objects = {

/* Begin PBXBuildFile section */
		DE3D098F16D220C100C64EA8 /* PropertyStore.m in Sources */ = {isa = PBXBuildFile; fileRef = DE3D098E16D220C100C64EA8 /* PropertyStore.m */; };
		DE3D099416D22FF000C64EA8 /* PropertyStoreTests.m in Sources */ = {isa = PBXBuildFile; fileRef = DE3D099316D22FF000C64EA8 /* PropertyStoreTests.m */; };
		DE3D099716D24D8800C64EA8 /* UserIdentificationTests.m in Sources */ = {isa = PBXBuildFile; fileRef = DE3D099616D24D8800C64EA8 /* UserIdentificationTests.m */; };
		DE4EFE8516D644A300B6B757 /* MainViewControllerTests.m in Sources */ = {isa = PBXBuildFile; fileRef = DE4EFE8416D644A300B6B757 /* MainViewControllerTests.m */; };
		DE5F8F7316D6087000D3E155 /* tjuna_iso.png in Resources */ = {isa = PBXBuildFile; fileRef = DE5F8F7216D6087000D3E155 /* tjuna_iso.png */; };
		DE66A3F116D4BBBF00877634 /* TransportSearchDisplayControllerTests.m in Sources */ = {isa = PBXBuildFile; fileRef = DE66A3F016D4BBBF00877634 /* TransportSearchDisplayControllerTests.m */; };
		DE66A3F316D5036400877634 /* tbussi_iso.png in Resources */ = {isa = PBXBuildFile; fileRef = DE66A3F216D5036400877634 /* tbussi_iso.png */; };
		DE66A3F516D504B700877634 /* tmetro_iso.png in Resources */ = {isa = PBXBuildFile; fileRef = DE66A3F416D504B700877634 /* tmetro_iso.png */; };
		DE66A3F716D504C200877634 /* traitio_iso.png in Resources */ = {isa = PBXBuildFile; fileRef = DE66A3F616D504C200877634 /* traitio_iso.png */; };
		DE66A3F916D504CB00877634 /* tlautta_iso.png in Resources */ = {isa = PBXBuildFile; fileRef = DE66A3F816D504CB00877634 /* tlautta_iso.png */; };
		DEC39EFD16DB4AC100372B5C /* .gitignore in Resources */ = {isa = PBXBuildFile; fileRef = DEC39EFC16DB4AC100372B5C /* .gitignore */; };
		DEDB167416C3D6B200DA85F0 /* UIKit.framework in Frameworks */ = {isa = PBXBuildFile; fileRef = DEDB167316C3D6B200DA85F0 /* UIKit.framework */; };
		DEDB167616C3D6B200DA85F0 /* Foundation.framework in Frameworks */ = {isa = PBXBuildFile; fileRef = DEDB167516C3D6B200DA85F0 /* Foundation.framework */; };
		DEDB167816C3D6B200DA85F0 /* CoreGraphics.framework in Frameworks */ = {isa = PBXBuildFile; fileRef = DEDB167716C3D6B200DA85F0 /* CoreGraphics.framework */; };
		DEDB167E16C3D6B200DA85F0 /* InfoPlist.strings in Resources */ = {isa = PBXBuildFile; fileRef = DEDB167C16C3D6B200DA85F0 /* InfoPlist.strings */; };
		DEDB168016C3D6B200DA85F0 /* main.m in Sources */ = {isa = PBXBuildFile; fileRef = DEDB167F16C3D6B200DA85F0 /* main.m */; };
		DEDB168416C3D6B200DA85F0 /* AppDelegate.m in Sources */ = {isa = PBXBuildFile; fileRef = DEDB168316C3D6B200DA85F0 /* AppDelegate.m */; };
		DEDB168616C3D6B200DA85F0 /* Default.png in Resources */ = {isa = PBXBuildFile; fileRef = DEDB168516C3D6B200DA85F0 /* Default.png */; };
		DEDB168816C3D6B200DA85F0 /* Default@2x.png in Resources */ = {isa = PBXBuildFile; fileRef = DEDB168716C3D6B200DA85F0 /* Default@2x.png */; };
		DEDB168A16C3D6B200DA85F0 /* Default-568h@2x.png in Resources */ = {isa = PBXBuildFile; fileRef = DEDB168916C3D6B200DA85F0 /* Default-568h@2x.png */; };
		DEDB168D16C3D6B200DA85F0 /* MainStoryboard_iPhone.storyboard in Resources */ = {isa = PBXBuildFile; fileRef = DEDB168B16C3D6B200DA85F0 /* MainStoryboard_iPhone.storyboard */; };
		DEDB169016C3D6B200DA85F0 /* MainStoryboard_iPad.storyboard in Resources */ = {isa = PBXBuildFile; fileRef = DEDB168E16C3D6B200DA85F0 /* MainStoryboard_iPad.storyboard */; };
		DEDB169316C3D6B200DA85F0 /* MainViewController.m in Sources */ = {isa = PBXBuildFile; fileRef = DEDB169216C3D6B200DA85F0 /* MainViewController.m */; };
		DEDB169E16C3D6B200DA85F0 /* SenTestingKit.framework in Frameworks */ = {isa = PBXBuildFile; fileRef = DEDB169D16C3D6B200DA85F0 /* SenTestingKit.framework */; };
		DEDB169F16C3D6B200DA85F0 /* UIKit.framework in Frameworks */ = {isa = PBXBuildFile; fileRef = DEDB167316C3D6B200DA85F0 /* UIKit.framework */; };
		DEDB16A016C3D6B200DA85F0 /* Foundation.framework in Frameworks */ = {isa = PBXBuildFile; fileRef = DEDB167516C3D6B200DA85F0 /* Foundation.framework */; };
		DEDB16A816C3D6B200DA85F0 /* InfoPlist.strings in Resources */ = {isa = PBXBuildFile; fileRef = DEDB16A616C3D6B200DA85F0 /* InfoPlist.strings */; };
		DEDB16AB16C3D6B200DA85F0 /* missabusTests.m in Sources */ = {isa = PBXBuildFile; fileRef = DEDB16AA16C3D6B200DA85F0 /* missabusTests.m */; };
		DEDB16B616C3D98000DA85F0 /* UserIdentification.m in Sources */ = {isa = PBXBuildFile; fileRef = DEDB16B516C3D98000DA85F0 /* UserIdentification.m */; };
		DEFDC4CE16D3AC7500231F82 /* TransportSearchDisplayController.m in Sources */ = {isa = PBXBuildFile; fileRef = DEFDC4CD16D3AC7500231F82 /* TransportSearchDisplayController.m */; };
		DEFE645616DE16BB007DA323 /* icon.png in Resources */ = {isa = PBXBuildFile; fileRef = DEDB16B816C3E15300DA85F0 /* icon.png */; };
/* End PBXBuildFile section */

/* Begin PBXContainerItemProxy section */
		DEDB16A116C3D6B200DA85F0 /* PBXContainerItemProxy */ = {
			isa = PBXContainerItemProxy;
			containerPortal = DEDB166616C3D6B100DA85F0 /* Project object */;
			proxyType = 1;
			remoteGlobalIDString = DEDB166E16C3D6B200DA85F0;
			remoteInfo = missabus;
		};
/* End PBXContainerItemProxy section */

/* Begin PBXFileReference section */
		DE3D098D16D220C100C64EA8 /* PropertyStore.h */ = {isa = PBXFileReference; fileEncoding = 4; lastKnownFileType = sourcecode.c.h; path = PropertyStore.h; sourceTree = "<group>"; };
		DE3D098E16D220C100C64EA8 /* PropertyStore.m */ = {isa = PBXFileReference; fileEncoding = 4; lastKnownFileType = sourcecode.c.objc; path = PropertyStore.m; sourceTree = "<group>"; };
		DE3D099116D2235B00C64EA8 /* Constants.h */ = {isa = PBXFileReference; lastKnownFileType = sourcecode.c.h; path = Constants.h; sourceTree = "<group>"; };
		DE3D099216D22FF000C64EA8 /* PropertyStoreTests.h */ = {isa = PBXFileReference; fileEncoding = 4; lastKnownFileType = sourcecode.c.h; path = PropertyStoreTests.h; sourceTree = "<group>"; };
		DE3D099316D22FF000C64EA8 /* PropertyStoreTests.m */ = {isa = PBXFileReference; fileEncoding = 4; lastKnownFileType = sourcecode.c.objc; path = PropertyStoreTests.m; sourceTree = "<group>"; };
		DE3D099516D24D8800C64EA8 /* UserIdentificationTests.h */ = {isa = PBXFileReference; fileEncoding = 4; lastKnownFileType = sourcecode.c.h; path = UserIdentificationTests.h; sourceTree = "<group>"; };
		DE3D099616D24D8800C64EA8 /* UserIdentificationTests.m */ = {isa = PBXFileReference; fileEncoding = 4; lastKnownFileType = sourcecode.c.objc; path = UserIdentificationTests.m; sourceTree = "<group>"; };
		DE4EFE8316D644A300B6B757 /* MainViewControllerTests.h */ = {isa = PBXFileReference; fileEncoding = 4; lastKnownFileType = sourcecode.c.h; path = MainViewControllerTests.h; sourceTree = "<group>"; };
		DE4EFE8416D644A300B6B757 /* MainViewControllerTests.m */ = {isa = PBXFileReference; fileEncoding = 4; lastKnownFileType = sourcecode.c.objc; path = MainViewControllerTests.m; sourceTree = "<group>"; };
		DE5F8F7216D6087000D3E155 /* tjuna_iso.png */ = {isa = PBXFileReference; lastKnownFileType = image.png; path = tjuna_iso.png; sourceTree = "<group>"; };
		DE66A3EF16D4BBBF00877634 /* TransportSearchDisplayControllerTests.h */ = {isa = PBXFileReference; fileEncoding = 4; lastKnownFileType = sourcecode.c.h; path = TransportSearchDisplayControllerTests.h; sourceTree = "<group>"; };
		DE66A3F016D4BBBF00877634 /* TransportSearchDisplayControllerTests.m */ = {isa = PBXFileReference; fileEncoding = 4; lastKnownFileType = sourcecode.c.objc; path = TransportSearchDisplayControllerTests.m; sourceTree = "<group>"; };
		DE66A3F216D5036400877634 /* tbussi_iso.png */ = {isa = PBXFileReference; lastKnownFileType = image.png; path = tbussi_iso.png; sourceTree = "<group>"; };
		DE66A3F416D504B700877634 /* tmetro_iso.png */ = {isa = PBXFileReference; lastKnownFileType = image.png; path = tmetro_iso.png; sourceTree = "<group>"; };
		DE66A3F616D504C200877634 /* traitio_iso.png */ = {isa = PBXFileReference; lastKnownFileType = image.png; path = traitio_iso.png; sourceTree = "<group>"; };
		DE66A3F816D504CB00877634 /* tlautta_iso.png */ = {isa = PBXFileReference; lastKnownFileType = image.png; path = tlautta_iso.png; sourceTree = "<group>"; };
		DEC39EFC16DB4AC100372B5C /* .gitignore */ = {isa = PBXFileReference; fileEncoding = 4; lastKnownFileType = text; path = .gitignore; sourceTree = "<group>"; };
		DEDB166F16C3D6B200DA85F0 /* missabus.app */ = {isa = PBXFileReference; explicitFileType = wrapper.application; includeInIndex = 0; path = missabus.app; sourceTree = BUILT_PRODUCTS_DIR; };
		DEDB167316C3D6B200DA85F0 /* UIKit.framework */ = {isa = PBXFileReference; lastKnownFileType = wrapper.framework; name = UIKit.framework; path = System/Library/Frameworks/UIKit.framework; sourceTree = SDKROOT; };
		DEDB167516C3D6B200DA85F0 /* Foundation.framework */ = {isa = PBXFileReference; lastKnownFileType = wrapper.framework; name = Foundation.framework; path = System/Library/Frameworks/Foundation.framework; sourceTree = SDKROOT; };
		DEDB167716C3D6B200DA85F0 /* CoreGraphics.framework */ = {isa = PBXFileReference; lastKnownFileType = wrapper.framework; name = CoreGraphics.framework; path = System/Library/Frameworks/CoreGraphics.framework; sourceTree = SDKROOT; };
		DEDB167B16C3D6B200DA85F0 /* missabus-Info.plist */ = {isa = PBXFileReference; lastKnownFileType = text.plist.xml; path = "missabus-Info.plist"; sourceTree = "<group>"; };
		DEDB167D16C3D6B200DA85F0 /* en */ = {isa = PBXFileReference; lastKnownFileType = text.plist.strings; name = en; path = en.lproj/InfoPlist.strings; sourceTree = "<group>"; };
		DEDB167F16C3D6B200DA85F0 /* main.m */ = {isa = PBXFileReference; lastKnownFileType = sourcecode.c.objc; path = main.m; sourceTree = "<group>"; };
		DEDB168116C3D6B200DA85F0 /* missabus-Prefix.pch */ = {isa = PBXFileReference; lastKnownFileType = sourcecode.c.h; path = "missabus-Prefix.pch"; sourceTree = "<group>"; };
		DEDB168216C3D6B200DA85F0 /* AppDelegate.h */ = {isa = PBXFileReference; lastKnownFileType = sourcecode.c.h; path = AppDelegate.h; sourceTree = "<group>"; };
		DEDB168316C3D6B200DA85F0 /* AppDelegate.m */ = {isa = PBXFileReference; lastKnownFileType = sourcecode.c.objc; path = AppDelegate.m; sourceTree = "<group>"; };
		DEDB168516C3D6B200DA85F0 /* Default.png */ = {isa = PBXFileReference; lastKnownFileType = image.png; path = Default.png; sourceTree = "<group>"; };
		DEDB168716C3D6B200DA85F0 /* Default@2x.png */ = {isa = PBXFileReference; lastKnownFileType = image.png; path = "Default@2x.png"; sourceTree = "<group>"; };
		DEDB168916C3D6B200DA85F0 /* Default-568h@2x.png */ = {isa = PBXFileReference; lastKnownFileType = image.png; path = "Default-568h@2x.png"; sourceTree = "<group>"; };
		DEDB168C16C3D6B200DA85F0 /* en */ = {isa = PBXFileReference; lastKnownFileType = file.storyboard; name = en; path = en.lproj/MainStoryboard_iPhone.storyboard; sourceTree = "<group>"; };
		DEDB168F16C3D6B200DA85F0 /* en */ = {isa = PBXFileReference; lastKnownFileType = file.storyboard; name = en; path = en.lproj/MainStoryboard_iPad.storyboard; sourceTree = "<group>"; };
		DEDB169116C3D6B200DA85F0 /* MainViewController.h */ = {isa = PBXFileReference; lastKnownFileType = sourcecode.c.h; path = MainViewController.h; sourceTree = "<group>"; };
		DEDB169216C3D6B200DA85F0 /* MainViewController.m */ = {isa = PBXFileReference; lastKnownFileType = sourcecode.c.objc; path = MainViewController.m; sourceTree = "<group>"; };
		DEDB169C16C3D6B200DA85F0 /* missabusTests.octest */ = {isa = PBXFileReference; explicitFileType = wrapper.cfbundle; includeInIndex = 0; path = missabusTests.octest; sourceTree = BUILT_PRODUCTS_DIR; };
		DEDB169D16C3D6B200DA85F0 /* SenTestingKit.framework */ = {isa = PBXFileReference; lastKnownFileType = wrapper.framework; name = SenTestingKit.framework; path = Library/Frameworks/SenTestingKit.framework; sourceTree = DEVELOPER_DIR; };
		DEDB16A516C3D6B200DA85F0 /* missabusTests-Info.plist */ = {isa = PBXFileReference; lastKnownFileType = text.plist.xml; path = "missabusTests-Info.plist"; sourceTree = "<group>"; };
		DEDB16A716C3D6B200DA85F0 /* en */ = {isa = PBXFileReference; lastKnownFileType = text.plist.strings; name = en; path = en.lproj/InfoPlist.strings; sourceTree = "<group>"; };
		DEDB16A916C3D6B200DA85F0 /* missabusTests.h */ = {isa = PBXFileReference; lastKnownFileType = sourcecode.c.h; path = missabusTests.h; sourceTree = "<group>"; };
		DEDB16AA16C3D6B200DA85F0 /* missabusTests.m */ = {isa = PBXFileReference; lastKnownFileType = sourcecode.c.objc; path = missabusTests.m; sourceTree = "<group>"; };
		DEDB16B416C3D98000DA85F0 /* UserIdentification.h */ = {isa = PBXFileReference; fileEncoding = 4; lastKnownFileType = sourcecode.c.h; path = UserIdentification.h; sourceTree = "<group>"; };
		DEDB16B516C3D98000DA85F0 /* UserIdentification.m */ = {isa = PBXFileReference; fileEncoding = 4; lastKnownFileType = sourcecode.c.objc; path = UserIdentification.m; sourceTree = "<group>"; };
		DEDB16B816C3E15300DA85F0 /* icon.png */ = {isa = PBXFileReference; lastKnownFileType = image.png; path = icon.png; sourceTree = "<group>"; };
		DEFDC4CC16D3AC7500231F82 /* TransportSearchDisplayController.h */ = {isa = PBXFileReference; fileEncoding = 4; lastKnownFileType = sourcecode.c.h; path = TransportSearchDisplayController.h; sourceTree = "<group>"; };
		DEFDC4CD16D3AC7500231F82 /* TransportSearchDisplayController.m */ = {isa = PBXFileReference; fileEncoding = 4; lastKnownFileType = sourcecode.c.objc; path = TransportSearchDisplayController.m; sourceTree = "<group>"; };
/* End PBXFileReference section */

/* Begin PBXFrameworksBuildPhase section */
		DEDB166C16C3D6B200DA85F0 /* Frameworks */ = {
			isa = PBXFrameworksBuildPhase;
			buildActionMask = 2147483647;
			files = (
				DEDB167416C3D6B200DA85F0 /* UIKit.framework in Frameworks */,
				DEDB167616C3D6B200DA85F0 /* Foundation.framework in Frameworks */,
				DEDB167816C3D6B200DA85F0 /* CoreGraphics.framework in Frameworks */,
			);
			runOnlyForDeploymentPostprocessing = 0;
		};
		DEDB169816C3D6B200DA85F0 /* Frameworks */ = {
			isa = PBXFrameworksBuildPhase;
			buildActionMask = 2147483647;
			files = (
				DEDB169E16C3D6B200DA85F0 /* SenTestingKit.framework in Frameworks */,
				DEDB169F16C3D6B200DA85F0 /* UIKit.framework in Frameworks */,
				DEDB16A016C3D6B200DA85F0 /* Foundation.framework in Frameworks */,
			);
			runOnlyForDeploymentPostprocessing = 0;
		};
/* End PBXFrameworksBuildPhase section */

/* Begin PBXGroup section */
		DEDB166416C3D6B100DA85F0 = {
			isa = PBXGroup;
			children = (
				DEC39EFC16DB4AC100372B5C /* .gitignore */,
				DEDB16B716C3E11000DA85F0 /* Resources */,
				DEDB167916C3D6B200DA85F0 /* missabus */,
				DEDB16A316C3D6B200DA85F0 /* missabusTests */,
				DEDB167216C3D6B200DA85F0 /* Frameworks */,
				DEDB167016C3D6B200DA85F0 /* Products */,
			);
			sourceTree = "<group>";
		};
		DEDB167016C3D6B200DA85F0 /* Products */ = {
			isa = PBXGroup;
			children = (
				DEDB166F16C3D6B200DA85F0 /* missabus.app */,
				DEDB169C16C3D6B200DA85F0 /* missabusTests.octest */,
			);
			name = Products;
			sourceTree = "<group>";
		};
		DEDB167216C3D6B200DA85F0 /* Frameworks */ = {
			isa = PBXGroup;
			children = (
				DEDB167316C3D6B200DA85F0 /* UIKit.framework */,
				DEDB167516C3D6B200DA85F0 /* Foundation.framework */,
				DEDB167716C3D6B200DA85F0 /* CoreGraphics.framework */,
				DEDB169D16C3D6B200DA85F0 /* SenTestingKit.framework */,
			);
			name = Frameworks;
			sourceTree = "<group>";
		};
		DEDB167916C3D6B200DA85F0 /* missabus */ = {
			isa = PBXGroup;
			children = (
				DEDB168216C3D6B200DA85F0 /* AppDelegate.h */,
				DEDB168316C3D6B200DA85F0 /* AppDelegate.m */,
				DEDB168B16C3D6B200DA85F0 /* MainStoryboard_iPhone.storyboard */,
				DEDB16B416C3D98000DA85F0 /* UserIdentification.h */,
				DEDB16B516C3D98000DA85F0 /* UserIdentification.m */,
				DE3D099116D2235B00C64EA8 /* Constants.h */,
				DEDB168E16C3D6B200DA85F0 /* MainStoryboard_iPad.storyboard */,
				DEDB169116C3D6B200DA85F0 /* MainViewController.h */,
				DEDB169216C3D6B200DA85F0 /* MainViewController.m */,
				DEDB167A16C3D6B200DA85F0 /* Supporting Files */,
				DE3D098D16D220C100C64EA8 /* PropertyStore.h */,
				DE3D098E16D220C100C64EA8 /* PropertyStore.m */,
				DEFDC4CC16D3AC7500231F82 /* TransportSearchDisplayController.h */,
				DEFDC4CD16D3AC7500231F82 /* TransportSearchDisplayController.m */,
			);
			path = missabus;
			sourceTree = "<group>";
		};
		DEDB167A16C3D6B200DA85F0 /* Supporting Files */ = {
			isa = PBXGroup;
			children = (
				DEDB167B16C3D6B200DA85F0 /* missabus-Info.plist */,
				DEDB167C16C3D6B200DA85F0 /* InfoPlist.strings */,
				DEDB167F16C3D6B200DA85F0 /* main.m */,
				DEDB168116C3D6B200DA85F0 /* missabus-Prefix.pch */,
				DEDB168516C3D6B200DA85F0 /* Default.png */,
				DEDB168716C3D6B200DA85F0 /* Default@2x.png */,
				DEDB168916C3D6B200DA85F0 /* Default-568h@2x.png */,
			);
			name = "Supporting Files";
			sourceTree = "<group>";
		};
		DEDB16A316C3D6B200DA85F0 /* missabusTests */ = {
			isa = PBXGroup;
			children = (
				DEDB16A916C3D6B200DA85F0 /* missabusTests.h */,
				DEDB16AA16C3D6B200DA85F0 /* missabusTests.m */,
				DEDB16A416C3D6B200DA85F0 /* Supporting Files */,
				DE3D099216D22FF000C64EA8 /* PropertyStoreTests.h */,
				DE3D099316D22FF000C64EA8 /* PropertyStoreTests.m */,
				DE3D099516D24D8800C64EA8 /* UserIdentificationTests.h */,
				DE3D099616D24D8800C64EA8 /* UserIdentificationTests.m */,
				DE66A3EF16D4BBBF00877634 /* TransportSearchDisplayControllerTests.h */,
				DE66A3F016D4BBBF00877634 /* TransportSearchDisplayControllerTests.m */,
				DE4EFE8316D644A300B6B757 /* MainViewControllerTests.h */,
				DE4EFE8416D644A300B6B757 /* MainViewControllerTests.m */,
			);
			path = missabusTests;
			sourceTree = "<group>";
		};
		DEDB16A416C3D6B200DA85F0 /* Supporting Files */ = {
			isa = PBXGroup;
			children = (
				DEDB16A516C3D6B200DA85F0 /* missabusTests-Info.plist */,
				DEDB16A616C3D6B200DA85F0 /* InfoPlist.strings */,
			);
			name = "Supporting Files";
			sourceTree = "<group>";
		};
		DEDB16B716C3E11000DA85F0 /* Resources */ = {
			isa = PBXGroup;
			children = (
				DE5F8F7216D6087000D3E155 /* tjuna_iso.png */,
				DE66A3F816D504CB00877634 /* tlautta_iso.png */,
				DE66A3F616D504C200877634 /* traitio_iso.png */,
				DE66A3F416D504B700877634 /* tmetro_iso.png */,
				DE66A3F216D5036400877634 /* tbussi_iso.png */,
				DEDB16B816C3E15300DA85F0 /* icon.png */,
			);
			name = Resources;
			sourceTree = "<group>";
		};
/* End PBXGroup section */

/* Begin PBXNativeTarget section */
		DEDB166E16C3D6B200DA85F0 /* missabus */ = {
			isa = PBXNativeTarget;
			buildConfigurationList = DEDB16AE16C3D6B200DA85F0 /* Build configuration list for PBXNativeTarget "missabus" */;
			buildPhases = (
				DEDB166B16C3D6B200DA85F0 /* Sources */,
				DEDB166C16C3D6B200DA85F0 /* Frameworks */,
				DEDB166D16C3D6B200DA85F0 /* Resources */,
			);
			buildRules = (
			);
			dependencies = (
			);
			name = missabus;
			productName = missabus;
			productReference = DEDB166F16C3D6B200DA85F0 /* missabus.app */;
			productType = "com.apple.product-type.application";
		};
		DEDB169B16C3D6B200DA85F0 /* missabusTests */ = {
			isa = PBXNativeTarget;
			buildConfigurationList = DEDB16B116C3D6B200DA85F0 /* Build configuration list for PBXNativeTarget "missabusTests" */;
			buildPhases = (
				DEDB169716C3D6B200DA85F0 /* Sources */,
				DEDB169816C3D6B200DA85F0 /* Frameworks */,
				DEDB169916C3D6B200DA85F0 /* Resources */,
				DEDB169A16C3D6B200DA85F0 /* ShellScript */,
			);
			buildRules = (
			);
			dependencies = (
				DEDB16A216C3D6B200DA85F0 /* PBXTargetDependency */,
			);
			name = missabusTests;
			productName = missabusTests;
			productReference = DEDB169C16C3D6B200DA85F0 /* missabusTests.octest */;
			productType = "com.apple.product-type.bundle";
		};
/* End PBXNativeTarget section */

/* Begin PBXProject section */
		DEDB166616C3D6B100DA85F0 /* Project object */ = {
			isa = PBXProject;
			attributes = {
				LastUpgradeCheck = 0450;
				ORGANIZATIONNAME = "Jaakko Santala";
			};
			buildConfigurationList = DEDB166916C3D6B100DA85F0 /* Build configuration list for PBXProject "missabus" */;
			compatibilityVersion = "Xcode 3.2";
			developmentRegion = English;
			hasScannedForEncodings = 0;
			knownRegions = (
				en,
			);
			mainGroup = DEDB166416C3D6B100DA85F0;
			productRefGroup = DEDB167016C3D6B200DA85F0 /* Products */;
			projectDirPath = "";
			projectRoot = "";
			targets = (
				DEDB166E16C3D6B200DA85F0 /* missabus */,
				DEDB169B16C3D6B200DA85F0 /* missabusTests */,
			);
		};
/* End PBXProject section */

/* Begin PBXResourcesBuildPhase section */
		DEDB166D16C3D6B200DA85F0 /* Resources */ = {
			isa = PBXResourcesBuildPhase;
			buildActionMask = 2147483647;
			files = (
				DEDB167E16C3D6B200DA85F0 /* InfoPlist.strings in Resources */,
				DEDB168616C3D6B200DA85F0 /* Default.png in Resources */,
				DEDB168816C3D6B200DA85F0 /* Default@2x.png in Resources */,
				DEDB168A16C3D6B200DA85F0 /* Default-568h@2x.png in Resources */,
				DEDB168D16C3D6B200DA85F0 /* MainStoryboard_iPhone.storyboard in Resources */,
				DEDB169016C3D6B200DA85F0 /* MainStoryboard_iPad.storyboard in Resources */,
				DE66A3F316D5036400877634 /* tbussi_iso.png in Resources */,
				DE66A3F516D504B700877634 /* tmetro_iso.png in Resources */,
				DE66A3F716D504C200877634 /* traitio_iso.png in Resources */,
				DE66A3F916D504CB00877634 /* tlautta_iso.png in Resources */,
				DE5F8F7316D6087000D3E155 /* tjuna_iso.png in Resources */,
				DEC39EFD16DB4AC100372B5C /* .gitignore in Resources */,
				DEFE645616DE16BB007DA323 /* icon.png in Resources */,
			);
			runOnlyForDeploymentPostprocessing = 0;
		};
		DEDB169916C3D6B200DA85F0 /* Resources */ = {
			isa = PBXResourcesBuildPhase;
			buildActionMask = 2147483647;
			files = (
				DEDB16A816C3D6B200DA85F0 /* InfoPlist.strings in Resources */,
			);
			runOnlyForDeploymentPostprocessing = 0;
		};
/* End PBXResourcesBuildPhase section */

/* Begin PBXShellScriptBuildPhase section */
		DEDB169A16C3D6B200DA85F0 /* ShellScript */ = {
			isa = PBXShellScriptBuildPhase;
			buildActionMask = 2147483647;
			files = (
			);
			inputPaths = (
			);
			outputPaths = (
			);
			runOnlyForDeploymentPostprocessing = 0;
			shellPath = /bin/sh;
			shellScript = "# Run the unit tests in this test bundle.\n\"${SYSTEM_DEVELOPER_DIR}/Tools/RunUnitTests\"\n";
		};
/* End PBXShellScriptBuildPhase section */

/* Begin PBXSourcesBuildPhase section */
		DEDB166B16C3D6B200DA85F0 /* Sources */ = {
			isa = PBXSourcesBuildPhase;
			buildActionMask = 2147483647;
			files = (
				DEDB168016C3D6B200DA85F0 /* main.m in Sources */,
				DEDB168416C3D6B200DA85F0 /* AppDelegate.m in Sources */,
				DEDB169316C3D6B200DA85F0 /* MainViewController.m in Sources */,
				DEDB16B616C3D98000DA85F0 /* UserIdentification.m in Sources */,
				DE3D098F16D220C100C64EA8 /* PropertyStore.m in Sources */,
				DEFDC4CE16D3AC7500231F82 /* TransportSearchDisplayController.m in Sources */,
			);
			runOnlyForDeploymentPostprocessing = 0;
		};
		DEDB169716C3D6B200DA85F0 /* Sources */ = {
			isa = PBXSourcesBuildPhase;
			buildActionMask = 2147483647;
			files = (
				DEDB16AB16C3D6B200DA85F0 /* missabusTests.m in Sources */,
				DE3D099416D22FF000C64EA8 /* PropertyStoreTests.m in Sources */,
				DE3D099716D24D8800C64EA8 /* UserIdentificationTests.m in Sources */,
				DE66A3F116D4BBBF00877634 /* TransportSearchDisplayControllerTests.m in Sources */,
				DE4EFE8516D644A300B6B757 /* MainViewControllerTests.m in Sources */,
			);
			runOnlyForDeploymentPostprocessing = 0;
		};
/* End PBXSourcesBuildPhase section */

/* Begin PBXTargetDependency section */
		DEDB16A216C3D6B200DA85F0 /* PBXTargetDependency */ = {
			isa = PBXTargetDependency;
			target = DEDB166E16C3D6B200DA85F0 /* missabus */;
			targetProxy = DEDB16A116C3D6B200DA85F0 /* PBXContainerItemProxy */;
		};
/* End PBXTargetDependency section */

/* Begin PBXVariantGroup section */
		DEDB167C16C3D6B200DA85F0 /* InfoPlist.strings */ = {
			isa = PBXVariantGroup;
			children = (
				DEDB167D16C3D6B200DA85F0 /* en */,
			);
			name = InfoPlist.strings;
			sourceTree = "<group>";
		};
		DEDB168B16C3D6B200DA85F0 /* MainStoryboard_iPhone.storyboard */ = {
			isa = PBXVariantGroup;
			children = (
				DEDB168C16C3D6B200DA85F0 /* en */,
			);
			name = MainStoryboard_iPhone.storyboard;
			sourceTree = "<group>";
		};
		DEDB168E16C3D6B200DA85F0 /* MainStoryboard_iPad.storyboard */ = {
			isa = PBXVariantGroup;
			children = (
				DEDB168F16C3D6B200DA85F0 /* en */,
			);
			name = MainStoryboard_iPad.storyboard;
			sourceTree = "<group>";
		};
		DEDB16A616C3D6B200DA85F0 /* InfoPlist.strings */ = {
			isa = PBXVariantGroup;
			children = (
				DEDB16A716C3D6B200DA85F0 /* en */,
			);
			name = InfoPlist.strings;
			sourceTree = "<group>";
		};
/* End PBXVariantGroup section */

/* Begin XCBuildConfiguration section */
		DEDB16AC16C3D6B200DA85F0 /* Debug */ = {
			isa = XCBuildConfiguration;
			buildSettings = {
				ALWAYS_SEARCH_USER_PATHS = NO;
				CLANG_CXX_LANGUAGE_STANDARD = "gnu++0x";
				CLANG_CXX_LIBRARY = "libc++";
				CLANG_ENABLE_OBJC_ARC = YES;
				CLANG_WARN_EMPTY_BODY = YES;
				CLANG_WARN__DUPLICATE_METHOD_MATCH = YES;
				"CODE_SIGN_IDENTITY[sdk=iphoneos*]" = "iPhone Developer";
				COPY_PHASE_STRIP = NO;
				GCC_C_LANGUAGE_STANDARD = gnu99;
				GCC_DYNAMIC_NO_PIC = NO;
				GCC_OPTIMIZATION_LEVEL = 0;
				GCC_PREPROCESSOR_DEFINITIONS = (
					"DEBUG=1",
					"$(inherited)",
				);
				GCC_SYMBOLS_PRIVATE_EXTERN = NO;
				GCC_WARN_ABOUT_RETURN_TYPE = YES;
				GCC_WARN_UNINITIALIZED_AUTOS = YES;
				GCC_WARN_UNUSED_VARIABLE = YES;
				IPHONEOS_DEPLOYMENT_TARGET = 6.0;
				ONLY_ACTIVE_ARCH = YES;
				SDKROOT = iphoneos;
				TARGETED_DEVICE_FAMILY = "1,2";
			};
			name = Debug;
		};
		DEDB16AD16C3D6B200DA85F0 /* Release */ = {
			isa = XCBuildConfiguration;
			buildSettings = {
				ALWAYS_SEARCH_USER_PATHS = NO;
				CLANG_CXX_LANGUAGE_STANDARD = "gnu++0x";
				CLANG_CXX_LIBRARY = "libc++";
				CLANG_ENABLE_OBJC_ARC = YES;
				CLANG_WARN_EMPTY_BODY = YES;
				CLANG_WARN__DUPLICATE_METHOD_MATCH = YES;
				"CODE_SIGN_IDENTITY[sdk=iphoneos*]" = "iPhone Developer";
				COPY_PHASE_STRIP = YES;
				GCC_C_LANGUAGE_STANDARD = gnu99;
				GCC_WARN_ABOUT_RETURN_TYPE = YES;
				GCC_WARN_UNINITIALIZED_AUTOS = YES;
				GCC_WARN_UNUSED_VARIABLE = YES;
				IPHONEOS_DEPLOYMENT_TARGET = 6.0;
				OTHER_CFLAGS = "-DNS_BLOCK_ASSERTIONS=1";
				SDKROOT = iphoneos;
				TARGETED_DEVICE_FAMILY = "1,2";
				VALIDATE_PRODUCT = YES;
			};
			name = Release;
		};
		DEDB16AF16C3D6B200DA85F0 /* Debug */ = {
			isa = XCBuildConfiguration;
			buildSettings = {
				GCC_PRECOMPILE_PREFIX_HEADER = YES;
				GCC_PREFIX_HEADER = "missabus/missabus-Prefix.pch";
				INFOPLIST_FILE = "missabus/missabus-Info.plist";
				PRODUCT_NAME = "$(TARGET_NAME)";
				WRAPPER_EXTENSION = app;
			};
			name = Debug;
		};
		DEDB16B016C3D6B200DA85F0 /* Release */ = {
			isa = XCBuildConfiguration;
			buildSettings = {
				GCC_PRECOMPILE_PREFIX_HEADER = YES;
				GCC_PREFIX_HEADER = "missabus/missabus-Prefix.pch";
				INFOPLIST_FILE = "missabus/missabus-Info.plist";
				PRODUCT_NAME = "$(TARGET_NAME)";
				WRAPPER_EXTENSION = app;
			};
			name = Release;
		};
		DEDB16B216C3D6B200DA85F0 /* Debug */ = {
			isa = XCBuildConfiguration;
			buildSettings = {
				BUNDLE_LOADER = "$(BUILT_PRODUCTS_DIR)/missabus.app/missabus";
				FRAMEWORK_SEARCH_PATHS = (
					"\"$(SDKROOT)/Developer/Library/Frameworks\"",
					"\"$(DEVELOPER_LIBRARY_DIR)/Frameworks\"",
				);
				GCC_PRECOMPILE_PREFIX_HEADER = YES;
				GCC_PREFIX_HEADER = "missabus/missabus-Prefix.pch";
				INFOPLIST_FILE = "missabusTests/missabusTests-Info.plist";
				PRODUCT_NAME = "$(TARGET_NAME)";
				TEST_HOST = "$(BUNDLE_LOADER)";
				WRAPPER_EXTENSION = octest;
			};
			name = Debug;
		};
		DEDB16B316C3D6B200DA85F0 /* Release */ = {
			isa = XCBuildConfiguration;
			buildSettings = {
				BUNDLE_LOADER = "$(BUILT_PRODUCTS_DIR)/missabus.app/missabus";
				FRAMEWORK_SEARCH_PATHS = (
					"\"$(SDKROOT)/Developer/Library/Frameworks\"",
					"\"$(DEVELOPER_LIBRARY_DIR)/Frameworks\"",
				);
				GCC_PRECOMPILE_PREFIX_HEADER = YES;
				GCC_PREFIX_HEADER = "missabus/missabus-Prefix.pch";
				INFOPLIST_FILE = "missabusTests/missabusTests-Info.plist";
				PRODUCT_NAME = "$(TARGET_NAME)";
				TEST_HOST = "$(BUNDLE_LOADER)";
				WRAPPER_EXTENSION = octest;
			};
			name = Release;
		};
/* End XCBuildConfiguration section */

/* Begin XCConfigurationList section */
		DEDB166916C3D6B100DA85F0 /* Build configuration list for PBXProject "missabus" */ = {
			isa = XCConfigurationList;
			buildConfigurations = (
				DEDB16AC16C3D6B200DA85F0 /* Debug */,
				DEDB16AD16C3D6B200DA85F0 /* Release */,
			);
			defaultConfigurationIsVisible = 0;
			defaultConfigurationName = Release;
		};
		DEDB16AE16C3D6B200DA85F0 /* Build configuration list for PBXNativeTarget "missabus" */ = {
			isa = XCConfigurationList;
			buildConfigurations = (
				DEDB16AF16C3D6B200DA85F0 /* Debug */,
				DEDB16B016C3D6B200DA85F0 /* Release */,
			);
			defaultConfigurationIsVisible = 0;
			defaultConfigurationName = Release;
		};
		DEDB16B116C3D6B200DA85F0 /* Build configuration list for PBXNativeTarget "missabusTests" */ = {
			isa = XCConfigurationList;
			buildConfigurations = (
				DEDB16B216C3D6B200DA85F0 /* Debug */,
				DEDB16B316C3D6B200DA85F0 /* Release */,
			);
			defaultConfigurationIsVisible = 0;
			defaultConfigurationName = Release;
		};
/* End XCConfigurationList section */
	};
	rootObject = DEDB166616C3D6B100DA85F0 /* Project object */;
}
